
Microsoft Visual Studio Solution File, Format Version 12.00
# Visual Studio Express 15 for Windows Desktop
VisualStudioVersion = 15.0.28307.421
MinimumVisualStudioVersion = 10.0.40219.1
Project("{8BC9CEB8-8B4A-11D0-8D11-00A0C91BC942}") = "Project2", "Project2\Project2.vcxproj", "{3AAD84F9-BF80-4D01-8E50-4824A61A7C13}"
EndProject
Global
	GlobalSection(SolutionConfigurationPlatforms) = preSolution
		Debug|x64 = Debug|x64
		Debug|x86 = Debug|x86
		Release|x64 = Release|x64
		Release|x86 = Release|x86
	EndGlobalSection
	GlobalSection(ProjectConfigurationPlatforms) = postSolution
		{3AAD84F9-BF80-4D01-8E50-4824A61A7C13}.Debug|x64.ActiveCfg = Debug|x64
		{3AAD84F9-BF80-4D01-8E50-4824A61A7C13}.Debug|x64.Build.0 = Debug|x64
		{3AAD84F9-BF80-4D01-8E50-4824A61A7C13}.Debug|x86.ActiveCfg = Debug|Win32
		{3AAD84F9-BF80-4D01-8E50-4824A61A7C13}.Debug|x86.Build.0 = Debug|Win32
		{3AAD84F9-BF80-4D01-8E50-4824A61A7C13}.Release|x64.ActiveCfg = Release|x64
		{3AAD84F9-BF80-4D01-8E50-4824A61A7C13}.Release|x64.Build.0 = Release|x64
		{3AAD84F9-BF80-4D01-8E50-4824A61A7C13}.Release|x86.ActiveCfg = Release|Win32
		{3AAD84F9-BF80-4D01-8E50-4824A61A7C13}.Release|x86.Build.0 = Release|Win32
	EndGlobalSection
	GlobalSection(SolutionProperties) = preSolution
		HideSolutionNode = FALSE
	EndGlobalSection
	GlobalSection(ExtensibilityGlobals) = postSolution
		SolutionGuid = {487613C2-3618-43B0-9CC3-058204322372}
	EndGlobalSection
EndGlobal
